{
  "name": "slm-mcp-hub",
  "version": "0.2.6",
  "lockfileVersion": 3,
  "requires": true,
  "packages": {
    "": {
      "name": "slm-mcp-hub",
      "version": "0.2.6",
      "hasInstallScript": true,
      "license": "AGPL-3.0-or-later",
      "os": [
        "darwin",
        "linux",
        "win32"
      ],
      "bin": {
        "slm-hub": "bin/slm-hub-npm"
      },
      "engines": {
        "node": ">=18.0.0",
        "npm": ">=9.0.0"
      },
      "funding": {
        "type": "github",
        "url": "https://github.com/sponsors/varun369"
      }
    }
  }
}
